
Microsoft Visual Studio Solution File, Format Version 12.00
# Visual Studio Version 17
VisualStudioVersion = 17.4.33205.214
MinimumVisualStudioVersion = 10.0.40219.1
Project("{FAE04EC0-301F-11D3-BF4B-00C04F79EFBC}") = "Calculator", "WindowsFormsApp1\Calculator.csproj", "{FB30E8A1-991C-4FE8-83B1-67C8C92DC78D}"
EndProject
Global
	GlobalSection(SolutionConfigurationPlatforms) = preSolution
		Debug|Any CPU = Debug|Any CPU
		Release|Any CPU = Release|Any CPU
	EndGlobalSection
	GlobalSection(ProjectConfigurationPlatforms) = postSolution
		{FB30E8A1-991C-4FE8-83B1-67C8C92DC78D}.Debug|Any CPU.ActiveCfg = Debug|Any CPU
		{FB30E8A1-991C-4FE8-83B1-67C8C92DC78D}.Debug|Any CPU.Build.0 = Debug|Any CPU
		{FB30E8A1-991C-4FE8-83B1-67C8C92DC78D}.Release|Any CPU.ActiveCfg = Release|Any CPU
		{FB30E8A1-991C-4FE8-83B1-67C8C92DC78D}.Release|Any CPU.Build.0 = Release|Any CPU
	EndGlobalSection
	GlobalSection(SolutionProperties) = preSolution
		HideSolutionNode = FALSE
	EndGlobalSection
	GlobalSection(ExtensibilityGlobals) = postSolution
		SolutionGuid = {FDAD8976-5084-44D9-A170-4C4DB6290787}
	EndGlobalSection
EndGlobal
